
Microsoft Visual Studio Solution File, Format Version 12.00
# Visual Studio Version 17
VisualStudioVersion = 17.14.36518.9 d17.14
MinimumVisualStudioVersion = 10.0.40219.1
Project("{FAE04EC0-301F-11D3-BF4B-00C04F79EFBC}") = "FoodDelivery.API", "FoodDelivery.API\FoodDelivery.API.csproj", "{BE791BE1-4EF3-4F83-9C67-5C141EAA1250}"
EndProject
Project("{2150E333-8FDC-42A3-9474-1A3956D46DE8}") = "Solution Items", "Solution Items", "{02EA681E-C7D8-13C7-8484-4AC65E1B71E8}"
EndProject
Project("{FAE04EC0-301F-11D3-BF4B-00C04F79EFBC}") = "FoodDelivery.Core", "FoodDelivery.Core\FoodDelivery.Core.csproj", "{0FE652BD-B47D-401B-8103-D760183535B5}"
EndProject
Project("{FAE04EC0-301F-11D3-BF4B-00C04F79EFBC}") = "FoodDelivery.Infrastructure", "FoodDelivery.Infrastructure\FoodDelivery.Infrastructure.csproj", "{6CA52C00-A837-4BEB-9834-65741C67184D}"
EndProject
Global
	GlobalSection(SolutionConfigurationPlatforms) = preSolution
		Debug|Any CPU = Debug|Any CPU
		Release|Any CPU = Release|Any CPU
	EndGlobalSection
	GlobalSection(ProjectConfigurationPlatforms) = postSolution
		{BE791BE1-4EF3-4F83-9C67-5C141EAA1250}.Debug|Any CPU.ActiveCfg = Debug|Any CPU
		{BE791BE1-4EF3-4F83-9C67-5C141EAA1250}.Debug|Any CPU.Build.0 = Debug|Any CPU
		{BE791BE1-4EF3-4F83-9C67-5C141EAA1250}.Release|Any CPU.ActiveCfg = Release|Any CPU
		{BE791BE1-4EF3-4F83-9C67-5C141EAA1250}.Release|Any CPU.Build.0 = Release|Any CPU
		{0FE652BD-B47D-401B-8103-D760183535B5}.Debug|Any CPU.ActiveCfg = Debug|Any CPU
		{0FE652BD-B47D-401B-8103-D760183535B5}.Debug|Any CPU.Build.0 = Debug|Any CPU
		{0FE652BD-B47D-401B-8103-D760183535B5}.Release|Any CPU.ActiveCfg = Release|Any CPU
		{0FE652BD-B47D-401B-8103-D760183535B5}.Release|Any CPU.Build.0 = Release|Any CPU
		{6CA52C00-A837-4BEB-9834-65741C67184D}.Debug|Any CPU.ActiveCfg = Debug|Any CPU
		{6CA52C00-A837-4BEB-9834-65741C67184D}.Debug|Any CPU.Build.0 = Debug|Any CPU
		{6CA52C00-A837-4BEB-9834-65741C67184D}.Release|Any CPU.ActiveCfg = Release|Any CPU
		{6CA52C00-A837-4BEB-9834-65741C67184D}.Release|Any CPU.Build.0 = Release|Any CPU
	EndGlobalSection
	GlobalSection(SolutionProperties) = preSolution
		HideSolutionNode = FALSE
	EndGlobalSection
	GlobalSection(ExtensibilityGlobals) = postSolution
		SolutionGuid = {D127563B-F0CE-4A30-8F97-7C5A55D31622}
	EndGlobalSection
EndGlobal
